
Microsoft Visual Studio Solution File, Format Version 12.00
# Visual Studio Version 16
VisualStudioVersion = 16.0.32002.261
MinimumVisualStudioVersion = 10.0.40219.1
Project("{FAE04EC0-301F-11D3-BF4B-00C04F79EFBC}") = "sw_AC_COM", "sw_AC_COM\sw_AC_COM.csproj", "{24FF98D7-68FC-47B8-957B-4D97E75ECFD3}"
EndProject
Global
	GlobalSection(SolutionConfigurationPlatforms) = preSolution
		Debug|Any CPU = Debug|Any CPU
		Release|Any CPU = Release|Any CPU
	EndGlobalSection
	GlobalSection(ProjectConfigurationPlatforms) = postSolution
		{24FF98D7-68FC-47B8-957B-4D97E75ECFD3}.Debug|Any CPU.ActiveCfg = Debug|Any CPU
		{24FF98D7-68FC-47B8-957B-4D97E75ECFD3}.Debug|Any CPU.Build.0 = Debug|Any CPU
		{24FF98D7-68FC-47B8-957B-4D97E75ECFD3}.Release|Any CPU.ActiveCfg = Release|Any CPU
		{24FF98D7-68FC-47B8-957B-4D97E75ECFD3}.Release|Any CPU.Build.0 = Release|Any CPU
	EndGlobalSection
	GlobalSection(SolutionProperties) = preSolution
		HideSolutionNode = FALSE
	EndGlobalSection
	GlobalSection(ExtensibilityGlobals) = postSolution
		SolutionGuid = {BB1452A7-BBDE-4F65-8734-58003371861D}
	EndGlobalSection
EndGlobal
