
Microsoft Visual Studio Solution File, Format Version 12.00
# Visual Studio Version 16
VisualStudioVersion = 16.0.32002.261
MinimumVisualStudioVersion = 10.0.40219.1
Project("{FAE04EC0-301F-11D3-BF4B-00C04F79EFBC}") = "bai8_sw", "bai8_sw\bai8_sw.csproj", "{437FC786-221A-49E2-9C4B-261E1FD68BD9}"
EndProject
Global
	GlobalSection(SolutionConfigurationPlatforms) = preSolution
		Debug|Any CPU = Debug|Any CPU
		Release|Any CPU = Release|Any CPU
	EndGlobalSection
	GlobalSection(ProjectConfigurationPlatforms) = postSolution
		{437FC786-221A-49E2-9C4B-261E1FD68BD9}.Debug|Any CPU.ActiveCfg = Debug|Any CPU
		{437FC786-221A-49E2-9C4B-261E1FD68BD9}.Debug|Any CPU.Build.0 = Debug|Any CPU
		{437FC786-221A-49E2-9C4B-261E1FD68BD9}.Release|Any CPU.ActiveCfg = Release|Any CPU
		{437FC786-221A-49E2-9C4B-261E1FD68BD9}.Release|Any CPU.Build.0 = Release|Any CPU
	EndGlobalSection
	GlobalSection(SolutionProperties) = preSolution
		HideSolutionNode = FALSE
	EndGlobalSection
	GlobalSection(ExtensibilityGlobals) = postSolution
		SolutionGuid = {ECA6E326-8916-48AE-B593-4C52415FF6EA}
	EndGlobalSection
EndGlobal
