
Microsoft Visual Studio Solution File, Format Version 12.00
# Visual Studio Version 17
VisualStudioVersion = 17.0.32014.148
MinimumVisualStudioVersion = 10.0.40219.1
Project("{FAE04EC0-301F-11D3-BF4B-00C04F79EFBC}") = "Software_USB", "Software_USB\Software_USB.csproj", "{21B27C36-8E48-46FB-961D-FA6953406890}"
EndProject
Global
	GlobalSection(SolutionConfigurationPlatforms) = preSolution
		Debug|Any CPU = Debug|Any CPU
		Release|Any CPU = Release|Any CPU
	EndGlobalSection
	GlobalSection(ProjectConfigurationPlatforms) = postSolution
		{21B27C36-8E48-46FB-961D-FA6953406890}.Debug|Any CPU.ActiveCfg = Debug|Any CPU
		{21B27C36-8E48-46FB-961D-FA6953406890}.Debug|Any CPU.Build.0 = Debug|Any CPU
		{21B27C36-8E48-46FB-961D-FA6953406890}.Release|Any CPU.ActiveCfg = Release|Any CPU
		{21B27C36-8E48-46FB-961D-FA6953406890}.Release|Any CPU.Build.0 = Release|Any CPU
	EndGlobalSection
	GlobalSection(SolutionProperties) = preSolution
		HideSolutionNode = FALSE
	EndGlobalSection
	GlobalSection(ExtensibilityGlobals) = postSolution
		SolutionGuid = {1B76921D-359E-40C4-B502-B8643DDE09BD}
	EndGlobalSection
EndGlobal
